
Microsoft Visual Studio Solution File, Format Version 12.00
# Visual Studio Version 16
VisualStudioVersion = 16.0.30330.147
MinimumVisualStudioVersion = 10.0.40219.1
Project("{FAE04EC0-301F-11D3-BF4B-00C04F79EFBC}") = "SkuVaultAssessment", "SkuVaultAssessment\SkuVaultAssessment.csproj", "{B4FA8D5D-3E82-4BBE-AFA8-89E96B51A09C}"
EndProject
Project("{FAE04EC0-301F-11D3-BF4B-00C04F79EFBC}") = "FizzBuzz.Test", "FizzBuzz.Test\FizzBuzz.Test.csproj", "{F75E7F14-855E-4F48-B8A2-F3E43741915C}"
EndProject
Project("{FAE04EC0-301F-11D3-BF4B-00C04F79EFBC}") = "FizzBuzz", "FizzBuzz\FizzBuzz.csproj", "{C06BEDC2-318A-470D-9829-80D0D2368075}"
EndProject
Project("{2150E333-8FDC-42A3-9474-1A3956D46DE8}") = "Solution Items", "Solution Items", "{77CA5BB1-B138-499A-BA7C-50BB4383015B}"
	ProjectSection(SolutionItems) = preProject
		README.md = README.md
	EndProjectSection
EndProject
Global
	GlobalSection(SolutionConfigurationPlatforms) = preSolution
		Debug|Any CPU = Debug|Any CPU
		Debug|x64 = Debug|x64
		Release|Any CPU = Release|Any CPU
		Release|x64 = Release|x64
	EndGlobalSection
	GlobalSection(ProjectConfigurationPlatforms) = postSolution
		{B4FA8D5D-3E82-4BBE-AFA8-89E96B51A09C}.Debug|Any CPU.ActiveCfg = Debug|Any CPU
		{B4FA8D5D-3E82-4BBE-AFA8-89E96B51A09C}.Debug|Any CPU.Build.0 = Debug|Any CPU
		{B4FA8D5D-3E82-4BBE-AFA8-89E96B51A09C}.Debug|x64.ActiveCfg = Debug|x64
		{B4FA8D5D-3E82-4BBE-AFA8-89E96B51A09C}.Debug|x64.Build.0 = Debug|x64
		{B4FA8D5D-3E82-4BBE-AFA8-89E96B51A09C}.Release|Any CPU.ActiveCfg = Release|Any CPU
		{B4FA8D5D-3E82-4BBE-AFA8-89E96B51A09C}.Release|Any CPU.Build.0 = Release|Any CPU
		{B4FA8D5D-3E82-4BBE-AFA8-89E96B51A09C}.Release|x64.ActiveCfg = Release|x64
		{B4FA8D5D-3E82-4BBE-AFA8-89E96B51A09C}.Release|x64.Build.0 = Release|x64
		{F75E7F14-855E-4F48-B8A2-F3E43741915C}.Debug|Any CPU.ActiveCfg = Debug|Any CPU
		{F75E7F14-855E-4F48-B8A2-F3E43741915C}.Debug|Any CPU.Build.0 = Debug|Any CPU
		{F75E7F14-855E-4F48-B8A2-F3E43741915C}.Debug|x64.ActiveCfg = Debug|Any CPU
		{F75E7F14-855E-4F48-B8A2-F3E43741915C}.Debug|x64.Build.0 = Debug|Any CPU
		{F75E7F14-855E-4F48-B8A2-F3E43741915C}.Release|Any CPU.ActiveCfg = Release|Any CPU
		{F75E7F14-855E-4F48-B8A2-F3E43741915C}.Release|Any CPU.Build.0 = Release|Any CPU
		{F75E7F14-855E-4F48-B8A2-F3E43741915C}.Release|x64.ActiveCfg = Release|Any CPU
		{F75E7F14-855E-4F48-B8A2-F3E43741915C}.Release|x64.Build.0 = Release|Any CPU
		{C06BEDC2-318A-470D-9829-80D0D2368075}.Debug|Any CPU.ActiveCfg = Debug|Any CPU
		{C06BEDC2-318A-470D-9829-80D0D2368075}.Debug|Any CPU.Build.0 = Debug|Any CPU
		{C06BEDC2-318A-470D-9829-80D0D2368075}.Debug|x64.ActiveCfg = Debug|Any CPU
		{C06BEDC2-318A-470D-9829-80D0D2368075}.Debug|x64.Build.0 = Debug|Any CPU
		{C06BEDC2-318A-470D-9829-80D0D2368075}.Release|Any CPU.ActiveCfg = Release|Any CPU
		{C06BEDC2-318A-470D-9829-80D0D2368075}.Release|Any CPU.Build.0 = Release|Any CPU
		{C06BEDC2-318A-470D-9829-80D0D2368075}.Release|x64.ActiveCfg = Release|Any CPU
		{C06BEDC2-318A-470D-9829-80D0D2368075}.Release|x64.Build.0 = Release|Any CPU
	EndGlobalSection
	GlobalSection(SolutionProperties) = preSolution
		HideSolutionNode = FALSE
	EndGlobalSection
	GlobalSection(ExtensibilityGlobals) = postSolution
		SolutionGuid = {B6079134-C0D0-40B0-B7BB-8F2854177BEE}
	EndGlobalSection
EndGlobal
